// !$*UTF8*$!
{
	archiveVersion = 1;
	classes = {
	};
	objectVersion = 46;
	objects = {

/* Begin PBXBuildFile section */
		B037366C1B9EA4290002E74C /* AppDelegate.swift in Sources */ = {isa = PBXBuildFile; fileRef = B037366B1B9EA4290002E74C /* AppDelegate.swift */; };
		B037366E1B9EA4290002E74C /* ViewController.swift in Sources */ = {isa = PBXBuildFile; fileRef = B037366D1B9EA4290002E74C /* ViewController.swift */; };
		B03736711B9EA4290002E74C /* Main.storyboard in Resources */ = {isa = PBXBuildFile; fileRef = B037366F1B9EA4290002E74C /* Main.storyboard */; };
		B03736731B9EA4290002E74C /* Assets.xcassets in Resources */ = {isa = PBXBuildFile; fileRef = B03736721B9EA4290002E74C /* Assets.xcassets */; };
		B03736761B9EA4290002E74C /* LaunchScreen.storyboard in Resources */ = {isa = PBXBuildFile; fileRef = B03736741B9EA4290002E74C /* LaunchScreen.storyboard */; };
		B03736811B9EA4290002E74C /* tstTests.swift in Sources */ = {isa = PBXBuildFile; fileRef = B03736801B9EA4290002E74C /* tstTests.swift */; };
		B037368C1B9EA4290002E74C /* tstUITests.swift in Sources */ = {isa = PBXBuildFile; fileRef = B037368B1B9EA4290002E74C /* tstUITests.swift */; };
		B03736AD1B9EAC850002E74C /* Bond.framework in Frameworks */ = {isa = PBXBuildFile; fileRef = B03736A21B9EAC230002E74C /* Bond.framework */; };
		B03736AF1B9EACA90002E74C /* Bond.framework in CopyFiles */ = {isa = PBXBuildFile; fileRef = B03736A21B9EAC230002E74C /* Bond.framework */; settings = {ATTRIBUTES = (CodeSignOnCopy, RemoveHeadersOnCopy, ); }; };
		B05114641B9FC06F00CF99F2 /* tapToGetQiitaArticles.swift in Sources */ = {isa = PBXBuildFile; fileRef = B05114631B9FC06F00CF99F2 /* tapToGetQiitaArticles.swift */; settings = {ASSET_TAGS = (); }; };
		B051146A1B9FC1D900CF99F2 /* Cache.swift in Sources */ = {isa = PBXBuildFile; fileRef = B05114691B9FC1D900CF99F2 /* Cache.swift */; settings = {ASSET_TAGS = (); }; };
		B051146D1BA0079300CF99F2 /* QiitaAPI.swift in Sources */ = {isa = PBXBuildFile; fileRef = B051146C1BA0079300CF99F2 /* QiitaAPI.swift */; settings = {ASSET_TAGS = (); }; };
		B05114731BA00CB000CF99F2 /* CGRectEx.swift in Sources */ = {isa = PBXBuildFile; fileRef = B05114721BA00CB000CF99F2 /* CGRectEx.swift */; settings = {ASSET_TAGS = (); }; };
		B05114761BA0150700CF99F2 /* ArrayEx.swift in Sources */ = {isa = PBXBuildFile; fileRef = B05114751BA0150700CF99F2 /* ArrayEx.swift */; settings = {ASSET_TAGS = (); }; };
		B05114801BA020E100CF99F2 /* Pods_tst.framework in Frameworks */ = {isa = PBXBuildFile; fileRef = AB7BFC9F37FF883DCF768FEC /* Pods_tst.framework */; settings = {ASSET_TAGS = (); }; };
		B051148B1BA0305E00CF99F2 /* SuggestionView.swift in Sources */ = {isa = PBXBuildFile; fileRef = B051148A1BA0305E00CF99F2 /* SuggestionView.swift */; settings = {ASSET_TAGS = (); }; };
		B05114931BA0387F00CF99F2 /* Bond.framework in Frameworks */ = {isa = PBXBuildFile; fileRef = B03736A21B9EAC230002E74C /* Bond.framework */; };
		B05114941BA0388800CF99F2 /* Pods_tst.framework in Resources */ = {isa = PBXBuildFile; fileRef = AB7BFC9F37FF883DCF768FEC /* Pods_tst.framework */; };
		B05114961BA0389100CF99F2 /* Bond.framework in CopyFiles */ = {isa = PBXBuildFile; fileRef = B03736A21B9EAC230002E74C /* Bond.framework */; settings = {ATTRIBUTES = (CodeSignOnCopy, RemoveHeadersOnCopy, ); }; };
		B07026CE1BA17C97009B1F40 /* SuggestionViewControllerDesign.swift in Sources */ = {isa = PBXBuildFile; fileRef = B07026CD1BA17C97009B1F40 /* SuggestionViewControllerDesign.swift */; settings = {ASSET_TAGS = (); }; };
		DFF875BFC10C3AADB12AF939 /* Pods_tst.framework in Frameworks */ = {isa = PBXBuildFile; fileRef = AB7BFC9F37FF883DCF768FEC /* Pods_tst.framework */; settings = {ATTRIBUTES = (Weak, ); }; };
/* End PBXBuildFile section */

/* Begin PBXContainerItemProxy section */
		B037367D1B9EA4290002E74C /* PBXContainerItemProxy */ = {
			isa = PBXContainerItemProxy;
			containerPortal = B03736601B9EA4290002E74C /* Project object */;
			proxyType = 1;
			remoteGlobalIDString = B03736671B9EA4290002E74C;
			remoteInfo = tst;
		};
		B03736881B9EA4290002E74C /* PBXContainerItemProxy */ = {
			isa = PBXContainerItemProxy;
			containerPortal = B03736601B9EA4290002E74C /* Project object */;
			proxyType = 1;
			remoteGlobalIDString = B03736671B9EA4290002E74C;
			remoteInfo = tst;
		};
		B03736A11B9EAC230002E74C /* PBXContainerItemProxy */ = {
			isa = PBXContainerItemProxy;
			containerPortal = B03736991B9EAC230002E74C /* Bond.xcodeproj */;
			proxyType = 2;
			remoteGlobalIDString = 69491BAE1A7C217100A13B6B;
			remoteInfo = Bond;
		};
		B03736A31B9EAC230002E74C /* PBXContainerItemProxy */ = {
			isa = PBXContainerItemProxy;
			containerPortal = B03736991B9EAC230002E74C /* Bond.xcodeproj */;
			proxyType = 2;
			remoteGlobalIDString = 69491BB91A7C217100A13B6B;
			remoteInfo = BondTests;
		};
		B03736A51B9EAC230002E74C /* PBXContainerItemProxy */ = {
			isa = PBXContainerItemProxy;
			containerPortal = B03736991B9EAC230002E74C /* Bond.xcodeproj */;
			proxyType = 2;
			remoteGlobalIDString = DCA979691A83C3A100DD4A30;
			remoteInfo = BondOSX;
		};
		B03736A71B9EAC230002E74C /* PBXContainerItemProxy */ = {
			isa = PBXContainerItemProxy;
			containerPortal = B03736991B9EAC230002E74C /* Bond.xcodeproj */;
			proxyType = 2;
			remoteGlobalIDString = DCA979731A83C3A200DD4A30;
			remoteInfo = BondOSXTests;
		};
		B03736A91B9EAC230002E74C /* PBXContainerItemProxy */ = {
			isa = PBXContainerItemProxy;
			containerPortal = B03736991B9EAC230002E74C /* Bond.xcodeproj */;
			proxyType = 2;
			remoteGlobalIDString = 03ACB4FE1AB555D6001B3E64;
			remoteInfo = iOSAppForTesting;
		};
		B03736AB1B9EAC670002E74C /* PBXContainerItemProxy */ = {
			isa = PBXContainerItemProxy;
			containerPortal = B03736991B9EAC230002E74C /* Bond.xcodeproj */;
			proxyType = 1;
			remoteGlobalIDString = 69491BAD1A7C217100A13B6B;
			remoteInfo = Bond;
		};
		B05114911BA0387900CF99F2 /* PBXContainerItemProxy */ = {
			isa = PBXContainerItemProxy;
			containerPortal = B03736991B9EAC230002E74C /* Bond.xcodeproj */;
			proxyType = 1;
			remoteGlobalIDString = 69491BAD1A7C217100A13B6B;
			remoteInfo = Bond;
		};
/* End PBXContainerItemProxy section */

/* Begin PBXCopyFilesBuildPhase section */
		B03736AE1B9EAC990002E74C /* CopyFiles */ = {
			isa = PBXCopyFilesBuildPhase;
			buildActionMask = 2147483647;
			dstPath = "";
			dstSubfolderSpec = 7;
			files = (
				B03736AF1B9EACA90002E74C /* Bond.framework in CopyFiles */,
			);
			runOnlyForDeploymentPostprocessing = 0;
		};
		B05114951BA0388A00CF99F2 /* CopyFiles */ = {
			isa = PBXCopyFilesBuildPhase;
			buildActionMask = 2147483647;
			dstPath = "";
			dstSubfolderSpec = 7;
			files = (
				B05114961BA0389100CF99F2 /* Bond.framework in CopyFiles */,
			);
			runOnlyForDeploymentPostprocessing = 0;
		};
/* End PBXCopyFilesBuildPhase section */

/* Begin PBXFileReference section */
		5717634CFEE1D1F9575BCD42 /* Pods-tst.debug.xcconfig */ = {isa = PBXFileReference; includeInIndex = 1; lastKnownFileType = text.xcconfig; name = "Pods-tst.debug.xcconfig"; path = "Pods/Target Support Files/Pods-tst/Pods-tst.debug.xcconfig"; sourceTree = "<group>"; };
		787EF3C2818F59D4A72D9C6E /* Pods-tst.release.xcconfig */ = {isa = PBXFileReference; includeInIndex = 1; lastKnownFileType = text.xcconfig; name = "Pods-tst.release.xcconfig"; path = "Pods/Target Support Files/Pods-tst/Pods-tst.release.xcconfig"; sourceTree = "<group>"; };
		AB7BFC9F37FF883DCF768FEC /* Pods_tst.framework */ = {isa = PBXFileReference; explicitFileType = wrapper.framework; includeInIndex = 0; path = Pods_tst.framework; sourceTree = BUILT_PRODUCTS_DIR; };
		B03736681B9EA4290002E74C /* tst.app */ = {isa = PBXFileReference; explicitFileType = wrapper.application; includeInIndex = 0; path = tst.app; sourceTree = BUILT_PRODUCTS_DIR; };
		B037366B1B9EA4290002E74C /* AppDelegate.swift */ = {isa = PBXFileReference; lastKnownFileType = sourcecode.swift; path = AppDelegate.swift; sourceTree = "<group>"; };
		B037366D1B9EA4290002E74C /* ViewController.swift */ = {isa = PBXFileReference; lastKnownFileType = sourcecode.swift; path = ViewController.swift; sourceTree = "<group>"; };
		B03736701B9EA4290002E74C /* Base */ = {isa = PBXFileReference; lastKnownFileType = file.storyboard; name = Base; path = Base.lproj/Main.storyboard; sourceTree = "<group>"; };
		B03736721B9EA4290002E74C /* Assets.xcassets */ = {isa = PBXFileReference; lastKnownFileType = folder.assetcatalog; path = Assets.xcassets; sourceTree = "<group>"; };
		B03736751B9EA4290002E74C /* Base */ = {isa = PBXFileReference; lastKnownFileType = file.storyboard; name = Base; path = Base.lproj/LaunchScreen.storyboard; sourceTree = "<group>"; };
		B03736771B9EA4290002E74C /* Info.plist */ = {isa = PBXFileReference; lastKnownFileType = text.plist.xml; path = Info.plist; sourceTree = "<group>"; };
		B037367C1B9EA4290002E74C /* tstTests.xctest */ = {isa = PBXFileReference; explicitFileType = wrapper.cfbundle; includeInIndex = 0; path = tstTests.xctest; sourceTree = BUILT_PRODUCTS_DIR; };
		B03736801B9EA4290002E74C /* tstTests.swift */ = {isa = PBXFileReference; lastKnownFileType = sourcecode.swift; path = tstTests.swift; sourceTree = "<group>"; };
		B03736821B9EA4290002E74C /* Info.plist */ = {isa = PBXFileReference; lastKnownFileType = text.plist.xml; path = Info.plist; sourceTree = "<group>"; };
		B03736871B9EA4290002E74C /* tstUITests.xctest */ = {isa = PBXFileReference; explicitFileType = wrapper.cfbundle; includeInIndex = 0; path = tstUITests.xctest; sourceTree = BUILT_PRODUCTS_DIR; };
		B037368B1B9EA4290002E74C /* tstUITests.swift */ = {isa = PBXFileReference; lastKnownFileType = sourcecode.swift; path = tstUITests.swift; sourceTree = "<group>"; };
		B037368D1B9EA4290002E74C /* Info.plist */ = {isa = PBXFileReference; lastKnownFileType = text.plist.xml; path = Info.plist; sourceTree = "<group>"; };
		B03736991B9EAC230002E74C /* Bond.xcodeproj */ = {isa = PBXFileReference; lastKnownFileType = "wrapper.pb-project"; name = Bond.xcodeproj; path = Bond/Bond.xcodeproj; sourceTree = "<group>"; };
		B05114631B9FC06F00CF99F2 /* tapToGetQiitaArticles.swift */ = {isa = PBXFileReference; fileEncoding = 4; lastKnownFileType = sourcecode.swift; path = tapToGetQiitaArticles.swift; sourceTree = "<group>"; };
		B05114691B9FC1D900CF99F2 /* Cache.swift */ = {isa = PBXFileReference; fileEncoding = 4; lastKnownFileType = sourcecode.swift; path = Cache.swift; sourceTree = "<group>"; };
		B051146C1BA0079300CF99F2 /* QiitaAPI.swift */ = {isa = PBXFileReference; fileEncoding = 4; lastKnownFileType = sourcecode.swift; path = QiitaAPI.swift; sourceTree = "<group>"; };
		B05114721BA00CB000CF99F2 /* CGRectEx.swift */ = {isa = PBXFileReference; fileEncoding = 4; lastKnownFileType = sourcecode.swift; path = CGRectEx.swift; sourceTree = "<group>"; };
		B05114751BA0150700CF99F2 /* ArrayEx.swift */ = {isa = PBXFileReference; fileEncoding = 4; lastKnownFileType = sourcecode.swift; path = ArrayEx.swift; sourceTree = "<group>"; };
		B051148A1BA0305E00CF99F2 /* SuggestionView.swift */ = {isa = PBXFileReference; fileEncoding = 4; lastKnownFileType = sourcecode.swift; path = SuggestionView.swift; sourceTree = "<group>"; };
		B07026CD1BA17C97009B1F40 /* SuggestionViewControllerDesign.swift */ = {isa = PBXFileReference; fileEncoding = 4; lastKnownFileType = sourcecode.swift; path = SuggestionViewControllerDesign.swift; sourceTree = "<group>"; };
/* End PBXFileReference section */

/* Begin PBXFrameworksBuildPhase section */
		B03736651B9EA4290002E74C /* Frameworks */ = {
			isa = PBXFrameworksBuildPhase;
			buildActionMask = 2147483647;
			files = (
				B03736AD1B9EAC850002E74C /* Bond.framework in Frameworks */,
				DFF875BFC10C3AADB12AF939 /* Pods_tst.framework in Frameworks */,
			);
			runOnlyForDeploymentPostprocessing = 0;
		};
		B03736791B9EA4290002E74C /* Frameworks */ = {
			isa = PBXFrameworksBuildPhase;
			buildActionMask = 2147483647;
			files = (
				B05114801BA020E100CF99F2 /* Pods_tst.framework in Frameworks */,
			);
			runOnlyForDeploymentPostprocessing = 0;
		};
		B03736841B9EA4290002E74C /* Frameworks */ = {
			isa = PBXFrameworksBuildPhase;
			buildActionMask = 2147483647;
			files = (
				B05114931BA0387F00CF99F2 /* Bond.framework in Frameworks */,
			);
			runOnlyForDeploymentPostprocessing = 0;
		};
/* End PBXFrameworksBuildPhase section */

/* Begin PBXGroup section */
		14C3A8139C99154262C0D3AF /* Pods */ = {
			isa = PBXGroup;
			children = (
				5717634CFEE1D1F9575BCD42 /* Pods-tst.debug.xcconfig */,
				787EF3C2818F59D4A72D9C6E /* Pods-tst.release.xcconfig */,
			);
			name = Pods;
			sourceTree = "<group>";
		};
		B037365F1B9EA4290002E74C = {
			isa = PBXGroup;
			children = (
				B037366A1B9EA4290002E74C /* tst */,
				B037367F1B9EA4290002E74C /* tstTests */,
				B037368A1B9EA4290002E74C /* tstUITests */,
				B03736691B9EA4290002E74C /* Products */,
				B03736991B9EAC230002E74C /* Bond.xcodeproj */,
				14C3A8139C99154262C0D3AF /* Pods */,
				BA31F48A6B85AB9BF0E03FA8 /* Frameworks */,
			);
			sourceTree = "<group>";
		};
		B03736691B9EA4290002E74C /* Products */ = {
			isa = PBXGroup;
			children = (
				B03736681B9EA4290002E74C /* tst.app */,
				B037367C1B9EA4290002E74C /* tstTests.xctest */,
				B03736871B9EA4290002E74C /* tstUITests.xctest */,
			);
			name = Products;
			sourceTree = "<group>";
		};
		B037366A1B9EA4290002E74C /* tst */ = {
			isa = PBXGroup;
			children = (
				B037366B1B9EA4290002E74C /* AppDelegate.swift */,
				B05114721BA00CB000CF99F2 /* CGRectEx.swift */,
				B05114751BA0150700CF99F2 /* ArrayEx.swift */,
				B037366D1B9EA4290002E74C /* ViewController.swift */,
				B07026CD1BA17C97009B1F40 /* SuggestionViewControllerDesign.swift */,
				B051148A1BA0305E00CF99F2 /* SuggestionView.swift */,
				B05114631B9FC06F00CF99F2 /* tapToGetQiitaArticles.swift */,
				B05114691B9FC1D900CF99F2 /* Cache.swift */,
				B051146C1BA0079300CF99F2 /* QiitaAPI.swift */,
				B037366F1B9EA4290002E74C /* Main.storyboard */,
				B03736721B9EA4290002E74C /* Assets.xcassets */,
				B03736741B9EA4290002E74C /* LaunchScreen.storyboard */,
				B03736771B9EA4290002E74C /* Info.plist */,
			);
			path = tst;
			sourceTree = "<group>";
		};
		B037367F1B9EA4290002E74C /* tstTests */ = {
			isa = PBXGroup;
			children = (
				B03736801B9EA4290002E74C /* tstTests.swift */,
				B03736821B9EA4290002E74C /* Info.plist */,
			);
			path = tstTests;
			sourceTree = "<group>";
		};
		B037368A1B9EA4290002E74C /* tstUITests */ = {
			isa = PBXGroup;
			children = (
				B037368B1B9EA4290002E74C /* tstUITests.swift */,
				B037368D1B9EA4290002E74C /* Info.plist */,
			);
			path = tstUITests;
			sourceTree = "<group>";
		};
		B037369A1B9EAC230002E74C /* Products */ = {
			isa = PBXGroup;
			children = (
				B03736A21B9EAC230002E74C /* Bond.framework */,
				B03736A41B9EAC230002E74C /* BondTests.xctest */,
				B03736A61B9EAC230002E74C /* Bond.framework */,
				B03736A81B9EAC230002E74C /* BondOSXTests.xctest */,
				B03736AA1B9EAC230002E74C /* iOSAppForTesting.app */,
			);
			name = Products;
			sourceTree = "<group>";
		};
		BA31F48A6B85AB9BF0E03FA8 /* Frameworks */ = {
			isa = PBXGroup;
			children = (
				AB7BFC9F37FF883DCF768FEC /* Pods_tst.framework */,
			);
			name = Frameworks;
			sourceTree = "<group>";
		};
/* End PBXGroup section */

/* Begin PBXNativeTarget section */
		B03736671B9EA4290002E74C /* tst */ = {
			isa = PBXNativeTarget;
			buildConfigurationList = B03736901B9EA4290002E74C /* Build configuration list for PBXNativeTarget "tst" */;
			buildPhases = (
				2B7A40E67D33F11B68C23A9D /* Check Pods Manifest.lock */,
				B03736641B9EA4290002E74C /* Sources */,
				B03736651B9EA4290002E74C /* Frameworks */,
				B03736661B9EA4290002E74C /* Resources */,
				B03736AE1B9EAC990002E74C /* CopyFiles */,
				19B23DFC0EC4786BAA1AD19F /* Embed Pods Frameworks */,
				364BB147ABABE71D88F88A4F /* Copy Pods Resources */,
			);
			buildRules = (
			);
			dependencies = (
				B03736AC1B9EAC670002E74C /* PBXTargetDependency */,
			);
			name = tst;
			productName = tst;
			productReference = B03736681B9EA4290002E74C /* tst.app */;
			productType = "com.apple.product-type.application";
		};
		B037367B1B9EA4290002E74C /* tstTests */ = {
			isa = PBXNativeTarget;
			buildConfigurationList = B03736931B9EA4290002E74C /* Build configuration list for PBXNativeTarget "tstTests" */;
			buildPhases = (
				B03736781B9EA4290002E74C /* Sources */,
				B03736791B9EA4290002E74C /* Frameworks */,
				B037367A1B9EA4290002E74C /* Resources */,
			);
			buildRules = (
			);
			dependencies = (
				B037367E1B9EA4290002E74C /* PBXTargetDependency */,
			);
			name = tstTests;
			productName = tstTests;
			productReference = B037367C1B9EA4290002E74C /* tstTests.xctest */;
			productType = "com.apple.product-type.bundle.unit-test";
		};
		B03736861B9EA4290002E74C /* tstUITests */ = {
			isa = PBXNativeTarget;
			buildConfigurationList = B03736961B9EA4290002E74C /* Build configuration list for PBXNativeTarget "tstUITests" */;
			buildPhases = (
				B03736831B9EA4290002E74C /* Sources */,
				B05114951BA0388A00CF99F2 /* CopyFiles */,
				B03736841B9EA4290002E74C /* Frameworks */,
				B03736851B9EA4290002E74C /* Resources */,
			);
			buildRules = (
			);
			dependencies = (
				B05114921BA0387900CF99F2 /* PBXTargetDependency */,
				B03736891B9EA4290002E74C /* PBXTargetDependency */,
			);
			name = tstUITests;
			productName = tstUITests;
			productReference = B03736871B9EA4290002E74C /* tstUITests.xctest */;
			productType = "com.apple.product-type.bundle.ui-testing";
		};
/* End PBXNativeTarget section */

/* Begin PBXProject section */
		B03736601B9EA4290002E74C /* Project object */ = {
			isa = PBXProject;
			attributes = {
				LastUpgradeCheck = 0700;
				ORGANIZATIONNAME = Uniface;
				TargetAttributes = {
					B03736671B9EA4290002E74C = {
						CreatedOnToolsVersion = 7.0;
					};
					B037367B1B9EA4290002E74C = {
						CreatedOnToolsVersion = 7.0;
						TestTargetID = B03736671B9EA4290002E74C;
					};
					B03736861B9EA4290002E74C = {
						CreatedOnToolsVersion = 7.0;
						TestTargetID = B03736671B9EA4290002E74C;
					};
				};
			};
			buildConfigurationList = B03736631B9EA4290002E74C /* Build configuration list for PBXProject "tst" */;
			compatibilityVersion = "Xcode 3.2";
			developmentRegion = English;
			hasScannedForEncodings = 0;
			knownRegions = (
				en,
				Base,
			);
			mainGroup = B037365F1B9EA4290002E74C;
			productRefGroup = B03736691B9EA4290002E74C /* Products */;
			projectDirPath = "";
			projectReferences = (
				{
					ProductGroup = B037369A1B9EAC230002E74C /* Products */;
					ProjectRef = B03736991B9EAC230002E74C /* Bond.xcodeproj */;
				},
			);
			projectRoot = "";
			targets = (
				B03736671B9EA4290002E74C /* tst */,
				B037367B1B9EA4290002E74C /* tstTests */,
				B03736861B9EA4290002E74C /* tstUITests */,
			);
		};
/* End PBXProject section */

/* Begin PBXReferenceProxy section */
		B03736A21B9EAC230002E74C /* Bond.framework */ = {
			isa = PBXReferenceProxy;
			fileType = wrapper.framework;
			path = Bond.framework;
			remoteRef = B03736A11B9EAC230002E74C /* PBXContainerItemProxy */;
			sourceTree = BUILT_PRODUCTS_DIR;
		};
		B03736A41B9EAC230002E74C /* BondTests.xctest */ = {
			isa = PBXReferenceProxy;
			fileType = wrapper.cfbundle;
			path = BondTests.xctest;
			remoteRef = B03736A31B9EAC230002E74C /* PBXContainerItemProxy */;
			sourceTree = BUILT_PRODUCTS_DIR;
		};
		B03736A61B9EAC230002E74C /* Bond.framework */ = {
			isa = PBXReferenceProxy;
			fileType = wrapper.framework;
			path = Bond.framework;
			remoteRef = B03736A51B9EAC230002E74C /* PBXContainerItemProxy */;
			sourceTree = BUILT_PRODUCTS_DIR;
		};
		B03736A81B9EAC230002E74C /* BondOSXTests.xctest */ = {
			isa = PBXReferenceProxy;
			fileType = wrapper.cfbundle;
			path = BondOSXTests.xctest;
			remoteRef = B03736A71B9EAC230002E74C /* PBXContainerItemProxy */;
			sourceTree = BUILT_PRODUCTS_DIR;
		};
		B03736AA1B9EAC230002E74C /* iOSAppForTesting.app */ = {
			isa = PBXReferenceProxy;
			fileType = wrapper.application;
			path = iOSAppForTesting.app;
			remoteRef = B03736A91B9EAC230002E74C /* PBXContainerItemProxy */;
			sourceTree = BUILT_PRODUCTS_DIR;
		};
/* End PBXReferenceProxy section */

/* Begin PBXResourcesBuildPhase section */
		B03736661B9EA4290002E74C /* Resources */ = {
			isa = PBXResourcesBuildPhase;
			buildActionMask = 2147483647;
			files = (
				B03736761B9EA4290002E74C /* LaunchScreen.storyboard in Resources */,
				B03736731B9EA4290002E74C /* Assets.xcassets in Resources */,
				B03736711B9EA4290002E74C /* Main.storyboard in Resources */,
			);
			runOnlyForDeploymentPostprocessing = 0;
		};
		B037367A1B9EA4290002E74C /* Resources */ = {
			isa = PBXResourcesBuildPhase;
			buildActionMask = 2147483647;
			files = (
			);
			runOnlyForDeploymentPostprocessing = 0;
		};
		B03736851B9EA4290002E74C /* Resources */ = {
			isa = PBXResourcesBuildPhase;
			buildActionMask = 2147483647;
			files = (
				B05114941BA0388800CF99F2 /* Pods_tst.framework in Resources */,
			);
			runOnlyForDeploymentPostprocessing = 0;
		};
/* End PBXResourcesBuildPhase section */

/* Begin PBXShellScriptBuildPhase section */
		19B23DFC0EC4786BAA1AD19F /* Embed Pods Frameworks */ = {
			isa = PBXShellScriptBuildPhase;
			buildActionMask = 2147483647;
			files = (
			);
			inputPaths = (
			);
			name = "Embed Pods Frameworks";
			outputPaths = (
			);
			runOnlyForDeploymentPostprocessing = 0;
			shellPath = /bin/sh;
			shellScript = "\"${SRCROOT}/Pods/Target Support Files/Pods-tst/Pods-tst-frameworks.sh\"\n";
			showEnvVarsInLog = 0;
		};
		2B7A40E67D33F11B68C23A9D /* Check Pods Manifest.lock */ = {
			isa = PBXShellScriptBuildPhase;
			buildActionMask = 2147483647;
			files = (
			);
			inputPaths = (
			);
			name = "Check Pods Manifest.lock";
			outputPaths = (
			);
			runOnlyForDeploymentPostprocessing = 0;
			shellPath = /bin/sh;
			shellScript = "diff \"${PODS_ROOT}/../Podfile.lock\" \"${PODS_ROOT}/Manifest.lock\" > /dev/null\nif [[ $? != 0 ]] ; then\n    cat << EOM\nerror: The sandbox is not in sync with the Podfile.lock. Run 'pod install' or update your CocoaPods installation.\nEOM\n    exit 1\nfi\n";
			showEnvVarsInLog = 0;
		};
		364BB147ABABE71D88F88A4F /* Copy Pods Resources */ = {
			isa = PBXShellScriptBuildPhase;
			buildActionMask = 2147483647;
			files = (
			);
			inputPaths = (
			);
			name = "Copy Pods Resources";
			outputPaths = (
			);
			runOnlyForDeploymentPostprocessing = 0;
			shellPath = /bin/sh;
			shellScript = "\"${SRCROOT}/Pods/Target Support Files/Pods-tst/Pods-tst-resources.sh\"\n";
			showEnvVarsInLog = 0;
		};
/* End PBXShellScriptBuildPhase section */

/* Begin PBXSourcesBuildPhase section */
		B03736641B9EA4290002E74C /* Sources */ = {
			isa = PBXSourcesBuildPhase;
			buildActionMask = 2147483647;
			files = (
				B051146D1BA0079300CF99F2 /* QiitaAPI.swift in Sources */,
				B05114761BA0150700CF99F2 /* ArrayEx.swift in Sources */,
				B07026CE1BA17C97009B1F40 /* SuggestionViewControllerDesign.swift in Sources */,
				B051148B1BA0305E00CF99F2 /* SuggestionView.swift in Sources */,
				B037366E1B9EA4290002E74C /* ViewController.swift in Sources */,
				B051146A1B9FC1D900CF99F2 /* Cache.swift in Sources */,
				B037366C1B9EA4290002E74C /* AppDelegate.swift in Sources */,
				B05114731BA00CB000CF99F2 /* CGRectEx.swift in Sources */,
				B05114641B9FC06F00CF99F2 /* tapToGetQiitaArticles.swift in Sources */,
			);
			runOnlyForDeploymentPostprocessing = 0;
		};
		B03736781B9EA4290002E74C /* Sources */ = {
			isa = PBXSourcesBuildPhase;
			buildActionMask = 2147483647;
			files = (
				B03736811B9EA4290002E74C /* tstTests.swift in Sources */,
			);
			runOnlyForDeploymentPostprocessing = 0;
		};
		B03736831B9EA4290002E74C /* Sources */ = {
			isa = PBXSourcesBuildPhase;
			buildActionMask = 2147483647;
			files = (
				B037368C1B9EA4290002E74C /* tstUITests.swift in Sources */,
			);
			runOnlyForDeploymentPostprocessing = 0;
		};
/* End PBXSourcesBuildPhase section */

/* Begin PBXTargetDependency section */
		B037367E1B9EA4290002E74C /* PBXTargetDependency */ = {
			isa = PBXTargetDependency;
			target = B03736671B9EA4290002E74C /* tst */;
			targetProxy = B037367D1B9EA4290002E74C /* PBXContainerItemProxy */;
		};
		B03736891B9EA4290002E74C /* PBXTargetDependency */ = {
			isa = PBXTargetDependency;
			target = B03736671B9EA4290002E74C /* tst */;
			targetProxy = B03736881B9EA4290002E74C /* PBXContainerItemProxy */;
		};
		B03736AC1B9EAC670002E74C /* PBXTargetDependency */ = {
			isa = PBXTargetDependency;
			name = Bond;
			targetProxy = B03736AB1B9EAC670002E74C /* PBXContainerItemProxy */;
		};
		B05114921BA0387900CF99F2 /* PBXTargetDependency */ = {
			isa = PBXTargetDependency;
			name = Bond;
			targetProxy = B05114911BA0387900CF99F2 /* PBXContainerItemProxy */;
		};
/* End PBXTargetDependency section */

/* Begin PBXVariantGroup section */
		B037366F1B9EA4290002E74C /* Main.storyboard */ = {
			isa = PBXVariantGroup;
			children = (
				B03736701B9EA4290002E74C /* Base */,
			);
			name = Main.storyboard;
			sourceTree = "<group>";
		};
		B03736741B9EA4290002E74C /* LaunchScreen.storyboard */ = {
			isa = PBXVariantGroup;
			children = (
				B03736751B9EA4290002E74C /* Base */,
			);
			name = LaunchScreen.storyboard;
			sourceTree = "<group>";
		};
/* End PBXVariantGroup section */

/* Begin XCBuildConfiguration section */
		B037368E1B9EA4290002E74C /* Debug */ = {
			isa = XCBuildConfiguration;
			buildSettings = {
				ALWAYS_SEARCH_USER_PATHS = NO;
				CLANG_CXX_LANGUAGE_STANDARD = "gnu++0x";
				CLANG_CXX_LIBRARY = "libc++";
				CLANG_ENABLE_MODULES = YES;
				CLANG_ENABLE_OBJC_ARC = YES;
				CLANG_WARN_BOOL_CONVERSION = YES;
				CLANG_WARN_CONSTANT_CONVERSION = YES;
				CLANG_WARN_DIRECT_OBJC_ISA_USAGE = YES_ERROR;
				CLANG_WARN_EMPTY_BODY = YES;
				CLANG_WARN_ENUM_CONVERSION = YES;
				CLANG_WARN_INT_CONVERSION = YES;
				CLANG_WARN_OBJC_ROOT_CLASS = YES_ERROR;
				CLANG_WARN_UNREACHABLE_CODE = YES;
				CLANG_WARN__DUPLICATE_METHOD_MATCH = YES;
				"CODE_SIGN_IDENTITY[sdk=iphoneos*]" = "iPhone Developer";
				COPY_PHASE_STRIP = NO;
				DEBUG_INFORMATION_FORMAT = dwarf;
				ENABLE_STRICT_OBJC_MSGSEND = YES;
				ENABLE_TESTABILITY = YES;
				GCC_C_LANGUAGE_STANDARD = gnu99;
				GCC_DYNAMIC_NO_PIC = NO;
				GCC_NO_COMMON_BLOCKS = YES;
				GCC_OPTIMIZATION_LEVEL = 0;
				GCC_PREPROCESSOR_DEFINITIONS = (
					"DEBUG=1",
					"$(inherited)",
				);
				GCC_WARN_64_TO_32_BIT_CONVERSION = YES;
				GCC_WARN_ABOUT_RETURN_TYPE = YES_ERROR;
				GCC_WARN_UNDECLARED_SELECTOR = YES;
				GCC_WARN_UNINITIALIZED_AUTOS = YES_AGGRESSIVE;
				GCC_WARN_UNUSED_FUNCTION = YES;
				GCC_WARN_UNUSED_VARIABLE = YES;
				IPHONEOS_DEPLOYMENT_TARGET = 9.0;
				MTL_ENABLE_DEBUG_INFO = YES;
				ONLY_ACTIVE_ARCH = YES;
				SDKROOT = iphoneos;
				SWIFT_OPTIMIZATION_LEVEL = "-Onone";
				TARGETED_DEVICE_FAMILY = "1,2";
			};
			name = Debug;
		};
		B037368F1B9EA4290002E74C /* Release */ = {
			isa = XCBuildConfiguration;
			buildSettings = {
				ALWAYS_SEARCH_USER_PATHS = NO;
				CLANG_CXX_LANGUAGE_STANDARD = "gnu++0x";
				CLANG_CXX_LIBRARY = "libc++";
				CLANG_ENABLE_MODULES = YES;
				CLANG_ENABLE_OBJC_ARC = YES;
				CLANG_WARN_BOOL_CONVERSION = YES;
				CLANG_WARN_CONSTANT_CONVERSION = YES;
				CLANG_WARN_DIRECT_OBJC_ISA_USAGE = YES_ERROR;
				CLANG_WARN_EMPTY_BODY = YES;
				CLANG_WARN_ENUM_CONVERSION = YES;
				CLANG_WARN_INT_CONVERSION = YES;
				CLANG_WARN_OBJC_ROOT_CLASS = YES_ERROR;
				CLANG_WARN_UNREACHABLE_CODE = YES;
				CLANG_WARN__DUPLICATE_METHOD_MATCH = YES;
				"CODE_SIGN_IDENTITY[sdk=iphoneos*]" = "iPhone Developer";
				COPY_PHASE_STRIP = NO;
				DEBUG_INFORMATION_FORMAT = "dwarf-with-dsym";
				ENABLE_NS_ASSERTIONS = NO;
				ENABLE_STRICT_OBJC_MSGSEND = YES;
				GCC_C_LANGUAGE_STANDARD = gnu99;
				GCC_NO_COMMON_BLOCKS = YES;
				GCC_WARN_64_TO_32_BIT_CONVERSION = YES;
				GCC_WARN_ABOUT_RETURN_TYPE = YES_ERROR;
				GCC_WARN_UNDECLARED_SELECTOR = YES;
				GCC_WARN_UNINITIALIZED_AUTOS = YES_AGGRESSIVE;
				GCC_WARN_UNUSED_FUNCTION = YES;
				GCC_WARN_UNUSED_VARIABLE = YES;
				IPHONEOS_DEPLOYMENT_TARGET = 9.0;
				MTL_ENABLE_DEBUG_INFO = NO;
				SDKROOT = iphoneos;
				TARGETED_DEVICE_FAMILY = "1,2";
				VALIDATE_PRODUCT = YES;
			};
			name = Release;
		};
		B03736911B9EA4290002E74C /* Debug */ = {
			isa = XCBuildConfiguration;
			baseConfigurationReference = 5717634CFEE1D1F9575BCD42 /* Pods-tst.debug.xcconfig */;
			buildSettings = {
				ASSETCATALOG_COMPILER_APPICON_NAME = AppIcon;
				INFOPLIST_FILE = tst/Info.plist;
				LD_RUNPATH_SEARCH_PATHS = "$(inherited) @executable_path/Frameworks";
				PRODUCT_BUNDLE_IDENTIFIER = "com.twitter.tk-365.tst";
				PRODUCT_NAME = "$(TARGET_NAME)";
			};
			name = Debug;
		};
		B03736921B9EA4290002E74C /* Release */ = {
			isa = XCBuildConfiguration;
			baseConfigurationReference = 787EF3C2818F59D4A72D9C6E /* Pods-tst.release.xcconfig */;
			buildSettings = {
				ASSETCATALOG_COMPILER_APPICON_NAME = AppIcon;
				INFOPLIST_FILE = tst/Info.plist;
				LD_RUNPATH_SEARCH_PATHS = "$(inherited) @executable_path/Frameworks";
				PRODUCT_BUNDLE_IDENTIFIER = "com.twitter.tk-365.tst";
				PRODUCT_NAME = "$(TARGET_NAME)";
			};
			name = Release;
		};
		B03736941B9EA4290002E74C /* Debug */ = {
			isa = XCBuildConfiguration;
			buildSettings = {
				BUNDLE_LOADER = "$(TEST_HOST)";
				INFOPLIST_FILE = tstTests/Info.plist;
				LD_RUNPATH_SEARCH_PATHS = "$(inherited) @executable_path/Frameworks @loader_path/Frameworks";
				PRODUCT_BUNDLE_IDENTIFIER = "com.twitter.tk-365.tstTests";
				PRODUCT_NAME = "$(TARGET_NAME)";
				TEST_HOST = "$(BUILT_PRODUCTS_DIR)/tst.app/tst";
			};
			name = Debug;
		};
		B03736951B9EA4290002E74C /* Release */ = {
			isa = XCBuildConfiguration;
			buildSettings = {
				BUNDLE_LOADER = "$(TEST_HOST)";
				INFOPLIST_FILE = tstTests/Info.plist;
				LD_RUNPATH_SEARCH_PATHS = "$(inherited) @executable_path/Frameworks @loader_path/Frameworks";
				PRODUCT_BUNDLE_IDENTIFIER = "com.twitter.tk-365.tstTests";
				PRODUCT_NAME = "$(TARGET_NAME)";
				TEST_HOST = "$(BUILT_PRODUCTS_DIR)/tst.app/tst";
			};
			name = Release;
		};
		B03736971B9EA4290002E74C /* Debug */ = {
			isa = XCBuildConfiguration;
			buildSettings = {
				INFOPLIST_FILE = tstUITests/Info.plist;
				LD_RUNPATH_SEARCH_PATHS = "$(inherited) @executable_path/Frameworks @loader_path/Frameworks";
				PRODUCT_BUNDLE_IDENTIFIER = "com.twitter.tk-365.tstUITests";
				PRODUCT_NAME = "$(TARGET_NAME)";
				TEST_TARGET_NAME = tst;
				USES_XCTRUNNER = YES;
			};
			name = Debug;
		};
		B03736981B9EA4290002E74C /* Release */ = {
			isa = XCBuildConfiguration;
			buildSettings = {
				INFOPLIST_FILE = tstUITests/Info.plist;
				LD_RUNPATH_SEARCH_PATHS = "$(inherited) @executable_path/Frameworks @loader_path/Frameworks";
				PRODUCT_BUNDLE_IDENTIFIER = "com.twitter.tk-365.tstUITests";
				PRODUCT_NAME = "$(TARGET_NAME)";
				TEST_TARGET_NAME = tst;
				USES_XCTRUNNER = YES;
			};
			name = Release;
		};
/* End XCBuildConfiguration section */

/* Begin XCConfigurationList section */
		B03736631B9EA4290002E74C /* Build configuration list for PBXProject "tst" */ = {
			isa = XCConfigurationList;
			buildConfigurations = (
				B037368E1B9EA4290002E74C /* Debug */,
				B037368F1B9EA4290002E74C /* Release */,
			);
			defaultConfigurationIsVisible = 0;
			defaultConfigurationName = Release;
		};
		B03736901B9EA4290002E74C /* Build configuration list for PBXNativeTarget "tst" */ = {
			isa = XCConfigurationList;
			buildConfigurations = (
				B03736911B9EA4290002E74C /* Debug */,
				B03736921B9EA4290002E74C /* Release */,
			);
			defaultConfigurationIsVisible = 0;
			defaultConfigurationName = Release;
		};
		B03736931B9EA4290002E74C /* Build configuration list for PBXNativeTarget "tstTests" */ = {
			isa = XCConfigurationList;
			buildConfigurations = (
				B03736941B9EA4290002E74C /* Debug */,
				B03736951B9EA4290002E74C /* Release */,
			);
			defaultConfigurationIsVisible = 0;
			defaultConfigurationName = Release;
		};
		B03736961B9EA4290002E74C /* Build configuration list for PBXNativeTarget "tstUITests" */ = {
			isa = XCConfigurationList;
			buildConfigurations = (
				B03736971B9EA4290002E74C /* Debug */,
				B03736981B9EA4290002E74C /* Release */,
			);
			defaultConfigurationIsVisible = 0;
			defaultConfigurationName = Release;
		};
/* End XCConfigurationList section */
	};
	rootObject = B03736601B9EA4290002E74C /* Project object */;
}
